// !$*UTF8*$!
{
	archiveVersion = 1;
	classes = {
	};
	objectVersion = 46;
	objects = {

/* Begin PBXBuildFile section */
		D4587F701D95812600B928F1 /* BabyMoodTests.swift in Sources */ = {isa = PBXBuildFile; fileRef = D4587F6F1D95812600B928F1 /* BabyMoodTests.swift */; };
		D4587F7B1D95812600B928F1 /* BabyMoodUITests.swift in Sources */ = {isa = PBXBuildFile; fileRef = D4587F7A1D95812600B928F1 /* BabyMoodUITests.swift */; };
		D4587FB21D96E07400B928F1 /* ReactiveCocoa.framework in Frameworks */ = {isa = PBXBuildFile; fileRef = D4587FAD1D96E07400B928F1 /* ReactiveCocoa.framework */; };
		D4587FB51D96E07500B928F1 /* Result.framework in Frameworks */ = {isa = PBXBuildFile; fileRef = D4587FB01D96E07400B928F1 /* Result.framework */; };
		D4587FB61D96E07500B928F1 /* SnapKit.framework in Frameworks */ = {isa = PBXBuildFile; fileRef = D4587FB11D96E07400B928F1 /* SnapKit.framework */; };
		D4CDCD761DA9B3200065953A /* LaunchScreen.storyboard in Resources */ = {isa = PBXBuildFile; fileRef = D4CDCD721DA9B3200065953A /* LaunchScreen.storyboard */; };
		D4CDCD771DA9B3200065953A /* Main.storyboard in Resources */ = {isa = PBXBuildFile; fileRef = D4CDCD741DA9B3200065953A /* Main.storyboard */; };
		D4CDCDB71DA9B70D0065953A /* libicucore.tbd in Frameworks */ = {isa = PBXBuildFile; fileRef = D4CDCDB61DA9B70D0065953A /* libicucore.tbd */; };
		D4CDCDB91DA9B7170065953A /* libc++.tbd in Frameworks */ = {isa = PBXBuildFile; fileRef = D4CDCDB81DA9B7170065953A /* libc++.tbd */; };
		D4CDCDBB1DA9B71C0065953A /* CFNetwork.framework in Frameworks */ = {isa = PBXBuildFile; fileRef = D4CDCDBA1DA9B71C0065953A /* CFNetwork.framework */; };
		D4CDCDBD1DA9B7210065953A /* Security.framework in Frameworks */ = {isa = PBXBuildFile; fileRef = D4CDCDBC1DA9B7210065953A /* Security.framework */; };
		D4CDCDBF1DA9B7280065953A /* SystemConfiguration.framework in Frameworks */ = {isa = PBXBuildFile; fileRef = D4CDCDBE1DA9B7280065953A /* SystemConfiguration.framework */; };
		D4CDCDC31DA9B8560065953A /* GoogleService-Info.plist in Resources */ = {isa = PBXBuildFile; fileRef = D4CDCDC21DA9B8560065953A /* GoogleService-Info.plist */; };
		D4CDCDCA1DA9BE320065953A /* FirebaseAnalytics.framework in Frameworks */ = {isa = PBXBuildFile; fileRef = D4CDCDC41DA9BE320065953A /* FirebaseAnalytics.framework */; };
		D4CDCDCB1DA9BE320065953A /* FirebaseCore.framework in Frameworks */ = {isa = PBXBuildFile; fileRef = D4CDCDC51DA9BE320065953A /* FirebaseCore.framework */; };
		D4CDCDCC1DA9BE320065953A /* FirebaseInstanceID.framework in Frameworks */ = {isa = PBXBuildFile; fileRef = D4CDCDC61DA9BE320065953A /* FirebaseInstanceID.framework */; };
		D4CDCDCD1DA9BE320065953A /* GoogleInterchangeUtilities.framework in Frameworks */ = {isa = PBXBuildFile; fileRef = D4CDCDC71DA9BE320065953A /* GoogleInterchangeUtilities.framework */; };
		D4CDCDCE1DA9BE320065953A /* GoogleSymbolUtilities.framework in Frameworks */ = {isa = PBXBuildFile; fileRef = D4CDCDC81DA9BE320065953A /* GoogleSymbolUtilities.framework */; };
		D4CDCDCF1DA9BE320065953A /* GoogleUtilities.framework in Frameworks */ = {isa = PBXBuildFile; fileRef = D4CDCDC91DA9BE320065953A /* GoogleUtilities.framework */; };
		D4CDCDD21DA9BE3D0065953A /* FirebaseAuth.framework in Frameworks */ = {isa = PBXBuildFile; fileRef = D4CDCDD01DA9BE3D0065953A /* FirebaseAuth.framework */; };
		D4CDCDD31DA9BE3D0065953A /* GoogleNetworkingUtilities.framework in Frameworks */ = {isa = PBXBuildFile; fileRef = D4CDCDD11DA9BE3D0065953A /* GoogleNetworkingUtilities.framework */; };
		D4CDCDD51DA9BE480065953A /* FirebaseDatabase.framework in Frameworks */ = {isa = PBXBuildFile; fileRef = D4CDCDD41DA9BE480065953A /* FirebaseDatabase.framework */; };
		D4CDCDDD1DA9D2EA0065953A /* DJISDK.framework in Frameworks */ = {isa = PBXBuildFile; fileRef = D4CDCDDB1DA9D2CE0065953A /* DJISDK.framework */; };
		D4CDCDDE1DA9D2EA0065953A /* DJISDK.framework in Embed Frameworks */ = {isa = PBXBuildFile; fileRef = D4CDCDDB1DA9D2CE0065953A /* DJISDK.framework */; settings = {ATTRIBUTES = (CodeSignOnCopy, RemoveHeadersOnCopy, ); }; };
		D4F531421DA9B1CE0065CA56 /* TabViewModel.swift in Sources */ = {isa = PBXBuildFile; fileRef = D4F531411DA9B1CE0065CA56 /* TabViewModel.swift */; };
		D4F531471DA9B1E60065CA56 /* AppDelegate.swift in Sources */ = {isa = PBXBuildFile; fileRef = D4F531431DA9B1E60065CA56 /* AppDelegate.swift */; };
		D4F531481DA9B1E60065CA56 /* FirstViewController.swift in Sources */ = {isa = PBXBuildFile; fileRef = D4F531441DA9B1E60065CA56 /* FirstViewController.swift */; };
		D4F531491DA9B1E60065CA56 /* Info.plist in Resources */ = {isa = PBXBuildFile; fileRef = D4F531451DA9B1E60065CA56 /* Info.plist */; };
		D4F5314A1DA9B1E60065CA56 /* SecondViewController.swift in Sources */ = {isa = PBXBuildFile; fileRef = D4F531461DA9B1E60065CA56 /* SecondViewController.swift */; };
		D4F5314C1DA9B1F50065CA56 /* Extensions.swift in Sources */ = {isa = PBXBuildFile; fileRef = D4F5314B1DA9B1F50065CA56 /* Extensions.swift */; };
		D4F5314F1DA9B2060065CA56 /* ReactiveViewController.swift in Sources */ = {isa = PBXBuildFile; fileRef = D4F5314D1DA9B2060065CA56 /* ReactiveViewController.swift */; };
		D4F531501DA9B2060065CA56 /* ViewModel.swift in Sources */ = {isa = PBXBuildFile; fileRef = D4F5314E1DA9B2060065CA56 /* ViewModel.swift */; };
		D4F531531DA9B21F0065CA56 /* NavigationEvent.swift in Sources */ = {isa = PBXBuildFile; fileRef = D4F531511DA9B21F0065CA56 /* NavigationEvent.swift */; };
		D4F531541DA9B21F0065CA56 /* ViewModelServices.swift in Sources */ = {isa = PBXBuildFile; fileRef = D4F531521DA9B21F0065CA56 /* ViewModelServices.swift */; };
		D4F531561DA9B23B0065CA56 /* Assets.xcassets in Resources */ = {isa = PBXBuildFile; fileRef = D4F531551DA9B23B0065CA56 /* Assets.xcassets */; };
/* End PBXBuildFile section */

/* Begin PBXContainerItemProxy section */
		D4587F6C1D95812600B928F1 /* PBXContainerItemProxy */ = {
			isa = PBXContainerItemProxy;
			containerPortal = D4587F4D1D95812600B928F1 /* Project object */;
			proxyType = 1;
			remoteGlobalIDString = D4587F541D95812600B928F1;
			remoteInfo = BabyMood;
		};
		D4587F771D95812600B928F1 /* PBXContainerItemProxy */ = {
			isa = PBXContainerItemProxy;
			containerPortal = D4587F4D1D95812600B928F1 /* Project object */;
			proxyType = 1;
			remoteGlobalIDString = D4587F541D95812600B928F1;
			remoteInfo = BabyMood;
		};
/* End PBXContainerItemProxy section */

/* Begin PBXCopyFilesBuildPhase section */
		D4587FA61D96DDB200B928F1 /* Embed Frameworks */ = {
			isa = PBXCopyFilesBuildPhase;
			buildActionMask = 2147483647;
			dstPath = "";
			dstSubfolderSpec = 10;
			files = (
				D4CDCDDE1DA9D2EA0065953A /* DJISDK.framework in Embed Frameworks */,
			);
			name = "Embed Frameworks";
			runOnlyForDeploymentPostprocessing = 0;
		};
/* End PBXCopyFilesBuildPhase section */

/* Begin PBXFileReference section */
		D4587F551D95812600B928F1 /* Drone.app */ = {isa = PBXFileReference; explicitFileType = wrapper.application; includeInIndex = 0; path = Drone.app; sourceTree = BUILT_PRODUCTS_DIR; };
		D4587F6B1D95812600B928F1 /* DroneTests.xctest */ = {isa = PBXFileReference; explicitFileType = wrapper.cfbundle; includeInIndex = 0; path = DroneTests.xctest; sourceTree = BUILT_PRODUCTS_DIR; };
		D4587F6F1D95812600B928F1 /* BabyMoodTests.swift */ = {isa = PBXFileReference; lastKnownFileType = sourcecode.swift; path = BabyMoodTests.swift; sourceTree = "<group>"; };
		D4587F711D95812600B928F1 /* Info.plist */ = {isa = PBXFileReference; lastKnownFileType = text.plist.xml; path = Info.plist; sourceTree = "<group>"; };
		D4587F761D95812600B928F1 /* DroneUITests.xctest */ = {isa = PBXFileReference; explicitFileType = wrapper.cfbundle; includeInIndex = 0; path = DroneUITests.xctest; sourceTree = BUILT_PRODUCTS_DIR; };
		D4587F7A1D95812600B928F1 /* BabyMoodUITests.swift */ = {isa = PBXFileReference; lastKnownFileType = sourcecode.swift; path = BabyMoodUITests.swift; sourceTree = "<group>"; };
		D4587F7C1D95812600B928F1 /* Info.plist */ = {isa = PBXFileReference; lastKnownFileType = text.plist.xml; path = Info.plist; sourceTree = "<group>"; };
		D4587FAD1D96E07400B928F1 /* ReactiveCocoa.framework */ = {isa = PBXFileReference; lastKnownFileType = wrapper.framework; name = ReactiveCocoa.framework; path = ../Carthage/Build/iOS/ReactiveCocoa.framework; sourceTree = "<group>"; };
		D4587FB01D96E07400B928F1 /* Result.framework */ = {isa = PBXFileReference; lastKnownFileType = wrapper.framework; name = Result.framework; path = ../Carthage/Build/iOS/Result.framework; sourceTree = "<group>"; };
		D4587FB11D96E07400B928F1 /* SnapKit.framework */ = {isa = PBXFileReference; lastKnownFileType = wrapper.framework; name = SnapKit.framework; path = ../Carthage/Build/iOS/SnapKit.framework; sourceTree = "<group>"; };
		D4CDCD731DA9B3200065953A /* Base */ = {isa = PBXFileReference; lastKnownFileType = file.storyboard; name = Base; path = Drone/Base.lproj/LaunchScreen.storyboard; sourceTree = SOURCE_ROOT; };
		D4CDCD751DA9B3200065953A /* Base */ = {isa = PBXFileReference; lastKnownFileType = file.storyboard; name = Base; path = Drone/Base.lproj/Main.storyboard; sourceTree = SOURCE_ROOT; };
		D4CDCDB61DA9B70D0065953A /* libicucore.tbd */ = {isa = PBXFileReference; lastKnownFileType = "sourcecode.text-based-dylib-definition"; name = libicucore.tbd; path = usr/lib/libicucore.tbd; sourceTree = SDKROOT; };
		D4CDCDB81DA9B7170065953A /* libc++.tbd */ = {isa = PBXFileReference; lastKnownFileType = "sourcecode.text-based-dylib-definition"; name = "libc++.tbd"; path = "usr/lib/libc++.tbd"; sourceTree = SDKROOT; };
		D4CDCDBA1DA9B71C0065953A /* CFNetwork.framework */ = {isa = PBXFileReference; lastKnownFileType = wrapper.framework; name = CFNetwork.framework; path = System/Library/Frameworks/CFNetwork.framework; sourceTree = SDKROOT; };
		D4CDCDBC1DA9B7210065953A /* Security.framework */ = {isa = PBXFileReference; lastKnownFileType = wrapper.framework; name = Security.framework; path = System/Library/Frameworks/Security.framework; sourceTree = SDKROOT; };
		D4CDCDBE1DA9B7280065953A /* SystemConfiguration.framework */ = {isa = PBXFileReference; lastKnownFileType = wrapper.framework; name = SystemConfiguration.framework; path = System/Library/Frameworks/SystemConfiguration.framework; sourceTree = SDKROOT; };
		D4CDCDC21DA9B8560065953A /* GoogleService-Info.plist */ = {isa = PBXFileReference; fileEncoding = 4; lastKnownFileType = text.plist.xml; name = "GoogleService-Info.plist"; path = "Drone/GoogleService-Info.plist"; sourceTree = SOURCE_ROOT; };
		D4CDCDC41DA9BE320065953A /* FirebaseAnalytics.framework */ = {isa = PBXFileReference; lastKnownFileType = wrapper.framework; name = FirebaseAnalytics.framework; path = Frameworks/Firebase/Analytics/FirebaseAnalytics.framework; sourceTree = "<group>"; };
		D4CDCDC51DA9BE320065953A /* FirebaseCore.framework */ = {isa = PBXFileReference; lastKnownFileType = wrapper.framework; name = FirebaseCore.framework; path = Frameworks/Firebase/Analytics/FirebaseCore.framework; sourceTree = "<group>"; };
		D4CDCDC61DA9BE320065953A /* FirebaseInstanceID.framework */ = {isa = PBXFileReference; lastKnownFileType = wrapper.framework; name = FirebaseInstanceID.framework; path = Frameworks/Firebase/Analytics/FirebaseInstanceID.framework; sourceTree = "<group>"; };
		D4CDCDC71DA9BE320065953A /* GoogleInterchangeUtilities.framework */ = {isa = PBXFileReference; lastKnownFileType = wrapper.framework; name = GoogleInterchangeUtilities.framework; path = Frameworks/Firebase/Analytics/GoogleInterchangeUtilities.framework; sourceTree = "<group>"; };
		D4CDCDC81DA9BE320065953A /* GoogleSymbolUtilities.framework */ = {isa = PBXFileReference; lastKnownFileType = wrapper.framework; name = GoogleSymbolUtilities.framework; path = Frameworks/Firebase/Analytics/GoogleSymbolUtilities.framework; sourceTree = "<group>"; };
		D4CDCDC91DA9BE320065953A /* GoogleUtilities.framework */ = {isa = PBXFileReference; lastKnownFileType = wrapper.framework; name = GoogleUtilities.framework; path = Frameworks/Firebase/Analytics/GoogleUtilities.framework; sourceTree = "<group>"; };
		D4CDCDD01DA9BE3D0065953A /* FirebaseAuth.framework */ = {isa = PBXFileReference; lastKnownFileType = wrapper.framework; name = FirebaseAuth.framework; path = Frameworks/Firebase/Auth/FirebaseAuth.framework; sourceTree = "<group>"; };
		D4CDCDD11DA9BE3D0065953A /* GoogleNetworkingUtilities.framework */ = {isa = PBXFileReference; lastKnownFileType = wrapper.framework; name = GoogleNetworkingUtilities.framework; path = Frameworks/Firebase/Auth/GoogleNetworkingUtilities.framework; sourceTree = "<group>"; };
		D4CDCDD41DA9BE480065953A /* FirebaseDatabase.framework */ = {isa = PBXFileReference; lastKnownFileType = wrapper.framework; name = FirebaseDatabase.framework; path = Frameworks/Firebase/Database/FirebaseDatabase.framework; sourceTree = "<group>"; };
		D4CDCDD61DA9C0B10065953A /* Firebase.h */ = {isa = PBXFileReference; fileEncoding = 4; lastKnownFileType = sourcecode.c.h; name = Firebase.h; path = Frameworks/Firebase/Firebase.h; sourceTree = SOURCE_ROOT; };
		D4CDCDD71DA9C0D90065953A /* module.modulemap */ = {isa = PBXFileReference; fileEncoding = 4; lastKnownFileType = "sourcecode.module-map"; name = module.modulemap; path = Frameworks/Firebase/module.modulemap; sourceTree = SOURCE_ROOT; };
		D4CDCDD81DA9C2110065953A /* Drone-Bridging-Header.h */ = {isa = PBXFileReference; lastKnownFileType = sourcecode.c.h; name = "Drone-Bridging-Header.h"; path = "Drone/Drone-Bridging-Header.h"; sourceTree = SOURCE_ROOT; };
		D4CDCDDB1DA9D2CE0065953A /* DJISDK.framework */ = {isa = PBXFileReference; lastKnownFileType = wrapper.framework; name = DJISDK.framework; path = Frameworks/DJISDK.framework; sourceTree = "<group>"; };
		D4F531411DA9B1CE0065CA56 /* TabViewModel.swift */ = {isa = PBXFileReference; fileEncoding = 4; lastKnownFileType = sourcecode.swift; name = TabViewModel.swift; path = Drone/App/TabViewModel.swift; sourceTree = SOURCE_ROOT; };
		D4F531431DA9B1E60065CA56 /* AppDelegate.swift */ = {isa = PBXFileReference; fileEncoding = 4; lastKnownFileType = sourcecode.swift; name = AppDelegate.swift; path = Drone/AppDelegate.swift; sourceTree = SOURCE_ROOT; };
		D4F531441DA9B1E60065CA56 /* FirstViewController.swift */ = {isa = PBXFileReference; fileEncoding = 4; lastKnownFileType = sourcecode.swift; name = FirstViewController.swift; path = Drone/FirstViewController.swift; sourceTree = SOURCE_ROOT; };
		D4F531451DA9B1E60065CA56 /* Info.plist */ = {isa = PBXFileReference; fileEncoding = 4; lastKnownFileType = text.plist.xml; name = Info.plist; path = Drone/Info.plist; sourceTree = SOURCE_ROOT; };
		D4F531461DA9B1E60065CA56 /* SecondViewController.swift */ = {isa = PBXFileReference; fileEncoding = 4; lastKnownFileType = sourcecode.swift; name = SecondViewController.swift; path = Drone/SecondViewController.swift; sourceTree = SOURCE_ROOT; };
		D4F5314B1DA9B1F50065CA56 /* Extensions.swift */ = {isa = PBXFileReference; fileEncoding = 4; lastKnownFileType = sourcecode.swift; name = Extensions.swift; path = Drone/Extensions/Extensions.swift; sourceTree = SOURCE_ROOT; };
		D4F5314D1DA9B2060065CA56 /* ReactiveViewController.swift */ = {isa = PBXFileReference; fileEncoding = 4; lastKnownFileType = sourcecode.swift; name = ReactiveViewController.swift; path = "Drone/Base Classes/ReactiveViewController.swift"; sourceTree = SOURCE_ROOT; };
		D4F5314E1DA9B2060065CA56 /* ViewModel.swift */ = {isa = PBXFileReference; fileEncoding = 4; lastKnownFileType = sourcecode.swift; name = ViewModel.swift; path = "Drone/Base Classes/ViewModel.swift"; sourceTree = SOURCE_ROOT; };
		D4F531511DA9B21F0065CA56 /* NavigationEvent.swift */ = {isa = PBXFileReference; fileEncoding = 4; lastKnownFileType = sourcecode.swift; name = NavigationEvent.swift; path = Drone/Impl/NavigationEvent.swift; sourceTree = SOURCE_ROOT; };
		D4F531521DA9B21F0065CA56 /* ViewModelServices.swift */ = {isa = PBXFileReference; fileEncoding = 4; lastKnownFileType = sourcecode.swift; name = ViewModelServices.swift; path = Drone/Impl/ViewModelServices.swift; sourceTree = SOURCE_ROOT; };
		D4F531551DA9B23B0065CA56 /* Assets.xcassets */ = {isa = PBXFileReference; lastKnownFileType = folder.assetcatalog; name = Assets.xcassets; path = Drone/Assets.xcassets; sourceTree = SOURCE_ROOT; };
/* End PBXFileReference section */

/* Begin PBXFrameworksBuildPhase section */
		D4587F521D95812600B928F1 /* Frameworks */ = {
			isa = PBXFrameworksBuildPhase;
			buildActionMask = 2147483647;
			files = (
				D4CDCDD51DA9BE480065953A /* FirebaseDatabase.framework in Frameworks */,
				D4CDCDD31DA9BE3D0065953A /* GoogleNetworkingUtilities.framework in Frameworks */,
				D4CDCDBF1DA9B7280065953A /* SystemConfiguration.framework in Frameworks */,
				D4CDCDBD1DA9B7210065953A /* Security.framework in Frameworks */,
				D4CDCDCA1DA9BE320065953A /* FirebaseAnalytics.framework in Frameworks */,
				D4CDCDBB1DA9B71C0065953A /* CFNetwork.framework in Frameworks */,
				D4CDCDCE1DA9BE320065953A /* GoogleSymbolUtilities.framework in Frameworks */,
				D4CDCDDD1DA9D2EA0065953A /* DJISDK.framework in Frameworks */,
				D4CDCDCC1DA9BE320065953A /* FirebaseInstanceID.framework in Frameworks */,
				D4CDCDCF1DA9BE320065953A /* GoogleUtilities.framework in Frameworks */,
				D4CDCDB91DA9B7170065953A /* libc++.tbd in Frameworks */,
				D4CDCDB71DA9B70D0065953A /* libicucore.tbd in Frameworks */,
				D4CDCDCB1DA9BE320065953A /* FirebaseCore.framework in Frameworks */,
				D4587FB21D96E07400B928F1 /* ReactiveCocoa.framework in Frameworks */,
				D4CDCDCD1DA9BE320065953A /* GoogleInterchangeUtilities.framework in Frameworks */,
				D4CDCDD21DA9BE3D0065953A /* FirebaseAuth.framework in Frameworks */,
				D4587FB51D96E07500B928F1 /* Result.framework in Frameworks */,
				D4587FB61D96E07500B928F1 /* SnapKit.framework in Frameworks */,
			);
			runOnlyForDeploymentPostprocessing = 0;
		};
		D4587F681D95812600B928F1 /* Frameworks */ = {
			isa = PBXFrameworksBuildPhase;
			buildActionMask = 2147483647;
			files = (
			);
			runOnlyForDeploymentPostprocessing = 0;
		};
		D4587F731D95812600B928F1 /* Frameworks */ = {
			isa = PBXFrameworksBuildPhase;
			buildActionMask = 2147483647;
			files = (
			);
			runOnlyForDeploymentPostprocessing = 0;
		};
/* End PBXFrameworksBuildPhase section */

/* Begin PBXGroup section */
		D4587F4C1D95812600B928F1 = {
			isa = PBXGroup;
			children = (
				D4587F571D95812600B928F1 /* Drone */,
				D4587F6E1D95812600B928F1 /* DroneTests */,
				D4587F791D95812600B928F1 /* DroneUITests */,
				D4587F561D95812600B928F1 /* Products */,
				D4587F921D96DA5600B928F1 /* Frameworks */,
			);
			sourceTree = "<group>";
		};
		D4587F561D95812600B928F1 /* Products */ = {
			isa = PBXGroup;
			children = (
				D4587F551D95812600B928F1 /* Drone.app */,
				D4587F6B1D95812600B928F1 /* DroneTests.xctest */,
				D4587F761D95812600B928F1 /* DroneUITests.xctest */,
			);
			name = Products;
			sourceTree = "<group>";
		};
		D4587F571D95812600B928F1 /* Drone */ = {
			isa = PBXGroup;
			children = (
				D4CDCDD91DA9C3670065953A /* Libraries */,
				D4CDCD791DA9B35C0065953A /* Resources */,
				D4CDCD781DA9B34E0065953A /* UI */,
				D4F531431DA9B1E60065CA56 /* AppDelegate.swift */,
				D4F531441DA9B1E60065CA56 /* FirstViewController.swift */,
				D4F531451DA9B1E60065CA56 /* Info.plist */,
				D4F531461DA9B1E60065CA56 /* SecondViewController.swift */,
				D4B922711D9898F00011C118 /* App */,
				D4587F971D96DD1400B928F1 /* Extensions */,
				D4587F8D1D95848500B928F1 /* Base Classes */,
				D4587F881D95838900B928F1 /* Impl */,
			);
			name = Drone;
			path = BabyMood;
			sourceTree = "<group>";
		};
		D4587F6E1D95812600B928F1 /* DroneTests */ = {
			isa = PBXGroup;
			children = (
				D4587F6F1D95812600B928F1 /* BabyMoodTests.swift */,
				D4587F711D95812600B928F1 /* Info.plist */,
			);
			name = DroneTests;
			path = BabyMoodTests;
			sourceTree = "<group>";
		};
		D4587F791D95812600B928F1 /* DroneUITests */ = {
			isa = PBXGroup;
			children = (
				D4587F7A1D95812600B928F1 /* BabyMoodUITests.swift */,
				D4587F7C1D95812600B928F1 /* Info.plist */,
			);
			name = DroneUITests;
			path = BabyMoodUITests;
			sourceTree = "<group>";
		};
		D4587F881D95838900B928F1 /* Impl */ = {
			isa = PBXGroup;
			children = (
				D4F531511DA9B21F0065CA56 /* NavigationEvent.swift */,
				D4F531521DA9B21F0065CA56 /* ViewModelServices.swift */,
			);
			name = Impl;
			sourceTree = "<group>";
		};
		D4587F8D1D95848500B928F1 /* Base Classes */ = {
			isa = PBXGroup;
			children = (
				D4F5314D1DA9B2060065CA56 /* ReactiveViewController.swift */,
				D4F5314E1DA9B2060065CA56 /* ViewModel.swift */,
			);
			name = "Base Classes";
			sourceTree = "<group>";
		};
		D4587F921D96DA5600B928F1 /* Frameworks */ = {
			isa = PBXGroup;
			children = (
				D4CDCDDB1DA9D2CE0065953A /* DJISDK.framework */,
				D4CDCDD41DA9BE480065953A /* FirebaseDatabase.framework */,
				D4CDCDD01DA9BE3D0065953A /* FirebaseAuth.framework */,
				D4CDCDD11DA9BE3D0065953A /* GoogleNetworkingUtilities.framework */,
				D4CDCDC41DA9BE320065953A /* FirebaseAnalytics.framework */,
				D4CDCDC51DA9BE320065953A /* FirebaseCore.framework */,
				D4CDCDC61DA9BE320065953A /* FirebaseInstanceID.framework */,
				D4CDCDC71DA9BE320065953A /* GoogleInterchangeUtilities.framework */,
				D4CDCDC81DA9BE320065953A /* GoogleSymbolUtilities.framework */,
				D4CDCDC91DA9BE320065953A /* GoogleUtilities.framework */,
				D4CDCDBE1DA9B7280065953A /* SystemConfiguration.framework */,
				D4CDCDBC1DA9B7210065953A /* Security.framework */,
				D4CDCDBA1DA9B71C0065953A /* CFNetwork.framework */,
				D4CDCDB81DA9B7170065953A /* libc++.tbd */,
				D4CDCDB61DA9B70D0065953A /* libicucore.tbd */,
				D4587FAD1D96E07400B928F1 /* ReactiveCocoa.framework */,
				D4587FB01D96E07400B928F1 /* Result.framework */,
				D4587FB11D96E07400B928F1 /* SnapKit.framework */,
			);
			name = Frameworks;
			sourceTree = "<group>";
		};
		D4587F971D96DD1400B928F1 /* Extensions */ = {
			isa = PBXGroup;
			children = (
				D4F5314B1DA9B1F50065CA56 /* Extensions.swift */,
			);
			name = Extensions;
			sourceTree = "<group>";
		};
		D4B922711D9898F00011C118 /* App */ = {
			isa = PBXGroup;
			children = (
				D4F531411DA9B1CE0065CA56 /* TabViewModel.swift */,
			);
			name = App;
			sourceTree = "<group>";
		};
		D4CDCD781DA9B34E0065953A /* UI */ = {
			isa = PBXGroup;
			children = (
				D4CDCD721DA9B3200065953A /* LaunchScreen.storyboard */,
				D4CDCD741DA9B3200065953A /* Main.storyboard */,
			);
			name = UI;
			sourceTree = "<group>";
		};
		D4CDCD791DA9B35C0065953A /* Resources */ = {
			isa = PBXGroup;
			children = (
				D4CDCDD81DA9C2110065953A /* Drone-Bridging-Header.h */,
				D4F531551DA9B23B0065CA56 /* Assets.xcassets */,
			);
			name = Resources;
			sourceTree = "<group>";
		};
		D4CDCDD91DA9C3670065953A /* Libraries */ = {
			isa = PBXGroup;
			children = (
				D4CDCDDA1DA9C36E0065953A /* Firebase */,
			);
			name = Libraries;
			sourceTree = "<group>";
		};
		D4CDCDDA1DA9C36E0065953A /* Firebase */ = {
			isa = PBXGroup;
			children = (
				D4CDCDD61DA9C0B10065953A /* Firebase.h */,
				D4CDCDD71DA9C0D90065953A /* module.modulemap */,
				D4CDCDC21DA9B8560065953A /* GoogleService-Info.plist */,
			);
			name = Firebase;
			sourceTree = "<group>";
		};
/* End PBXGroup section */

/* Begin PBXNativeTarget section */
		D4587F541D95812600B928F1 /* Drone */ = {
			isa = PBXNativeTarget;
			buildConfigurationList = D4587F7F1D95812600B928F1 /* Build configuration list for PBXNativeTarget "Drone" */;
			buildPhases = (
				D4587F511D95812600B928F1 /* Sources */,
				D4587F521D95812600B928F1 /* Frameworks */,
				D4587F531D95812600B928F1 /* Resources */,
				D4587FA61D96DDB200B928F1 /* Embed Frameworks */,
				D4587FA71D96DDEB00B928F1 /* Carthage copy frameworks */,
			);
			buildRules = (
			);
			dependencies = (
			);
			name = Drone;
			productName = BabyMood;
			productReference = D4587F551D95812600B928F1 /* Drone.app */;
			productType = "com.apple.product-type.application";
		};
		D4587F6A1D95812600B928F1 /* DroneTests */ = {
			isa = PBXNativeTarget;
			buildConfigurationList = D4587F821D95812600B928F1 /* Build configuration list for PBXNativeTarget "DroneTests" */;
			buildPhases = (
				D4587F671D95812600B928F1 /* Sources */,
				D4587F681D95812600B928F1 /* Frameworks */,
				D4587F691D95812600B928F1 /* Resources */,
			);
			buildRules = (
			);
			dependencies = (
				D4587F6D1D95812600B928F1 /* PBXTargetDependency */,
			);
			name = DroneTests;
			productName = BabyMoodTests;
			productReference = D4587F6B1D95812600B928F1 /* DroneTests.xctest */;
			productType = "com.apple.product-type.bundle.unit-test";
		};
		D4587F751D95812600B928F1 /* DroneUITests */ = {
			isa = PBXNativeTarget;
			buildConfigurationList = D4587F851D95812600B928F1 /* Build configuration list for PBXNativeTarget "DroneUITests" */;
			buildPhases = (
				D4587F721D95812600B928F1 /* Sources */,
				D4587F731D95812600B928F1 /* Frameworks */,
				D4587F741D95812600B928F1 /* Resources */,
			);
			buildRules = (
			);
			dependencies = (
				D4587F781D95812600B928F1 /* PBXTargetDependency */,
			);
			name = DroneUITests;
			productName = BabyMoodUITests;
			productReference = D4587F761D95812600B928F1 /* DroneUITests.xctest */;
			productType = "com.apple.product-type.bundle.ui-testing";
		};
/* End PBXNativeTarget section */

/* Begin PBXProject section */
		D4587F4D1D95812600B928F1 /* Project object */ = {
			isa = PBXProject;
			attributes = {
				LastSwiftUpdateCheck = 0800;
				LastUpgradeCheck = 0800;
				ORGANIZATIONNAME = "Worthless Apps";
				TargetAttributes = {
					D4587F541D95812600B928F1 = {
						CreatedOnToolsVersion = 8.0;
						LastSwiftMigration = 0800;
						ProvisioningStyle = Automatic;
					};
					D4587F6A1D95812600B928F1 = {
						CreatedOnToolsVersion = 8.0;
						ProvisioningStyle = Automatic;
						TestTargetID = D4587F541D95812600B928F1;
					};
					D4587F751D95812600B928F1 = {
						CreatedOnToolsVersion = 8.0;
						ProvisioningStyle = Automatic;
						TestTargetID = D4587F541D95812600B928F1;
					};
				};
			};
			buildConfigurationList = D4587F501D95812600B928F1 /* Build configuration list for PBXProject "Drone" */;
			compatibilityVersion = "Xcode 3.2";
			developmentRegion = English;
			hasScannedForEncodings = 0;
			knownRegions = (
				en,
				Base,
			);
			mainGroup = D4587F4C1D95812600B928F1;
			productRefGroup = D4587F561D95812600B928F1 /* Products */;
			projectDirPath = "";
			projectRoot = "";
			targets = (
				D4587F541D95812600B928F1 /* Drone */,
				D4587F6A1D95812600B928F1 /* DroneTests */,
				D4587F751D95812600B928F1 /* DroneUITests */,
			);
		};
/* End PBXProject section */

/* Begin PBXResourcesBuildPhase section */
		D4587F531D95812600B928F1 /* Resources */ = {
			isa = PBXResourcesBuildPhase;
			buildActionMask = 2147483647;
			files = (
				D4CDCD761DA9B3200065953A /* LaunchScreen.storyboard in Resources */,
				D4F531561DA9B23B0065CA56 /* Assets.xcassets in Resources */,
				D4CDCDC31DA9B8560065953A /* GoogleService-Info.plist in Resources */,
				D4F531491DA9B1E60065CA56 /* Info.plist in Resources */,
				D4CDCD771DA9B3200065953A /* Main.storyboard in Resources */,
			);
			runOnlyForDeploymentPostprocessing = 0;
		};
		D4587F691D95812600B928F1 /* Resources */ = {
			isa = PBXResourcesBuildPhase;
			buildActionMask = 2147483647;
			files = (
			);
			runOnlyForDeploymentPostprocessing = 0;
		};
		D4587F741D95812600B928F1 /* Resources */ = {
			isa = PBXResourcesBuildPhase;
			buildActionMask = 2147483647;
			files = (
			);
			runOnlyForDeploymentPostprocessing = 0;
		};
/* End PBXResourcesBuildPhase section */

/* Begin PBXShellScriptBuildPhase section */
		D4587FA71D96DDEB00B928F1 /* Carthage copy frameworks */ = {
			isa = PBXShellScriptBuildPhase;
			buildActionMask = 2147483647;
			files = (
			);
			inputPaths = (
				"$(SRCROOT)/../Carthage/Build/iOS/Result.framework",
				"$(SRCROOT)/../Carthage/Build/iOS/ReactiveCocoa.framework",
				"$(SRCROOT)/../Carthage/Build/iOS/SnapKit.framework",
			);
			name = "Carthage copy frameworks";
			outputPaths = (
			);
			runOnlyForDeploymentPostprocessing = 0;
			shellPath = /bin/sh;
			shellScript = "/usr/local/bin/carthage copy-frameworks ";
		};
/* End PBXShellScriptBuildPhase section */

/* Begin PBXSourcesBuildPhase section */
		D4587F511D95812600B928F1 /* Sources */ = {
			isa = PBXSourcesBuildPhase;
			buildActionMask = 2147483647;
			files = (
				D4F531541DA9B21F0065CA56 /* ViewModelServices.swift in Sources */,
				D4F5314C1DA9B1F50065CA56 /* Extensions.swift in Sources */,
				D4F5314A1DA9B1E60065CA56 /* SecondViewController.swift in Sources */,
				D4F531531DA9B21F0065CA56 /* NavigationEvent.swift in Sources */,
				D4F531481DA9B1E60065CA56 /* FirstViewController.swift in Sources */,
				D4F531471DA9B1E60065CA56 /* AppDelegate.swift in Sources */,
				D4F531421DA9B1CE0065CA56 /* TabViewModel.swift in Sources */,
				D4F5314F1DA9B2060065CA56 /* ReactiveViewController.swift in Sources */,
				D4F531501DA9B2060065CA56 /* ViewModel.swift in Sources */,
			);
			runOnlyForDeploymentPostprocessing = 0;
		};
		D4587F671D95812600B928F1 /* Sources */ = {
			isa = PBXSourcesBuildPhase;
			buildActionMask = 2147483647;
			files = (
				D4587F701D95812600B928F1 /* BabyMoodTests.swift in Sources */,
			);
			runOnlyForDeploymentPostprocessing = 0;
		};
		D4587F721D95812600B928F1 /* Sources */ = {
			isa = PBXSourcesBuildPhase;
			buildActionMask = 2147483647;
			files = (
				D4587F7B1D95812600B928F1 /* BabyMoodUITests.swift in Sources */,
			);
			runOnlyForDeploymentPostprocessing = 0;
		};
/* End PBXSourcesBuildPhase section */

/* Begin PBXTargetDependency section */
		D4587F6D1D95812600B928F1 /* PBXTargetDependency */ = {
			isa = PBXTargetDependency;
			target = D4587F541D95812600B928F1 /* Drone */;
			targetProxy = D4587F6C1D95812600B928F1 /* PBXContainerItemProxy */;
		};
		D4587F781D95812600B928F1 /* PBXTargetDependency */ = {
			isa = PBXTargetDependency;
			target = D4587F541D95812600B928F1 /* Drone */;
			targetProxy = D4587F771D95812600B928F1 /* PBXContainerItemProxy */;
		};
/* End PBXTargetDependency section */

/* Begin PBXVariantGroup section */
		D4CDCD721DA9B3200065953A /* LaunchScreen.storyboard */ = {
			isa = PBXVariantGroup;
			children = (
				D4CDCD731DA9B3200065953A /* Base */,
			);
			name = LaunchScreen.storyboard;
			sourceTree = "<group>";
		};
		D4CDCD741DA9B3200065953A /* Main.storyboard */ = {
			isa = PBXVariantGroup;
			children = (
				D4CDCD751DA9B3200065953A /* Base */,
			);
			name = Main.storyboard;
			sourceTree = "<group>";
		};
/* End PBXVariantGroup section */

/* Begin XCBuildConfiguration section */
		D4587F7D1D95812600B928F1 /* Debug */ = {
			isa = XCBuildConfiguration;
			buildSettings = {
				ALWAYS_SEARCH_USER_PATHS = NO;
				CLANG_ANALYZER_NONNULL = YES;
				CLANG_CXX_LANGUAGE_STANDARD = "gnu++0x";
				CLANG_CXX_LIBRARY = "libc++";
				CLANG_ENABLE_MODULES = YES;
				CLANG_ENABLE_OBJC_ARC = YES;
				CLANG_WARN_BOOL_CONVERSION = YES;
				CLANG_WARN_CONSTANT_CONVERSION = YES;
				CLANG_WARN_DIRECT_OBJC_ISA_USAGE = YES_ERROR;
				CLANG_WARN_DOCUMENTATION_COMMENTS = YES;
				CLANG_WARN_EMPTY_BODY = YES;
				CLANG_WARN_ENUM_CONVERSION = YES;
				CLANG_WARN_INFINITE_RECURSION = YES;
				CLANG_WARN_INT_CONVERSION = YES;
				CLANG_WARN_OBJC_ROOT_CLASS = YES_ERROR;
				CLANG_WARN_SUSPICIOUS_MOVES = YES;
				CLANG_WARN_UNREACHABLE_CODE = YES;
				CLANG_WARN__DUPLICATE_METHOD_MATCH = YES;
				"CODE_SIGN_IDENTITY[sdk=iphoneos*]" = "iPhone Developer";
				COPY_PHASE_STRIP = NO;
				DEBUG_INFORMATION_FORMAT = dwarf;
				ENABLE_BITCODE = NO;
				ENABLE_STRICT_OBJC_MSGSEND = YES;
				ENABLE_TESTABILITY = YES;
				GCC_C_LANGUAGE_STANDARD = gnu99;
				GCC_DYNAMIC_NO_PIC = NO;
				GCC_NO_COMMON_BLOCKS = YES;
				GCC_OPTIMIZATION_LEVEL = 0;
				GCC_PREPROCESSOR_DEFINITIONS = (
					"DEBUG=1",
					"$(inherited)",
				);
				GCC_WARN_64_TO_32_BIT_CONVERSION = YES;
				GCC_WARN_ABOUT_RETURN_TYPE = YES_ERROR;
				GCC_WARN_UNDECLARED_SELECTOR = YES;
				GCC_WARN_UNINITIALIZED_AUTOS = YES_AGGRESSIVE;
				GCC_WARN_UNUSED_FUNCTION = YES;
				GCC_WARN_UNUSED_VARIABLE = YES;
				IPHONEOS_DEPLOYMENT_TARGET = 10.0;
				MTL_ENABLE_DEBUG_INFO = YES;
				ONLY_ACTIVE_ARCH = YES;
				OTHER_LDFLAGS = "-ObjC";
				SDKROOT = iphoneos;
				SWIFT_ACTIVE_COMPILATION_CONDITIONS = DEBUG;
				SWIFT_OBJC_BRIDGING_HEADER = "$(SRCROOT)/Drone/Drone-Bridging-Header.h";
				SWIFT_OPTIMIZATION_LEVEL = "-Onone";
				SWIFT_VERSION = 2.3;
				TARGETED_DEVICE_FAMILY = "1,2";
				USER_HEADER_SEARCH_PATHS = "$(SRCROOT)/";
			};
			name = Debug;
		};
		D4587F7E1D95812600B928F1 /* Release */ = {
			isa = XCBuildConfiguration;
			buildSettings = {
				ALWAYS_SEARCH_USER_PATHS = NO;
				CLANG_ANALYZER_NONNULL = YES;
				CLANG_CXX_LANGUAGE_STANDARD = "gnu++0x";
				CLANG_CXX_LIBRARY = "libc++";
				CLANG_ENABLE_MODULES = YES;
				CLANG_ENABLE_OBJC_ARC = YES;
				CLANG_WARN_BOOL_CONVERSION = YES;
				CLANG_WARN_CONSTANT_CONVERSION = YES;
				CLANG_WARN_DIRECT_OBJC_ISA_USAGE = YES_ERROR;
				CLANG_WARN_DOCUMENTATION_COMMENTS = YES;
				CLANG_WARN_EMPTY_BODY = YES;
				CLANG_WARN_ENUM_CONVERSION = YES;
				CLANG_WARN_INFINITE_RECURSION = YES;
				CLANG_WARN_INT_CONVERSION = YES;
				CLANG_WARN_OBJC_ROOT_CLASS = YES_ERROR;
				CLANG_WARN_SUSPICIOUS_MOVES = YES;
				CLANG_WARN_UNREACHABLE_CODE = YES;
				CLANG_WARN__DUPLICATE_METHOD_MATCH = YES;
				"CODE_SIGN_IDENTITY[sdk=iphoneos*]" = "iPhone Developer";
				COPY_PHASE_STRIP = NO;
				DEBUG_INFORMATION_FORMAT = "dwarf-with-dsym";
				ENABLE_BITCODE = NO;
				ENABLE_NS_ASSERTIONS = NO;
				ENABLE_STRICT_OBJC_MSGSEND = YES;
				GCC_C_LANGUAGE_STANDARD = gnu99;
				GCC_NO_COMMON_BLOCKS = YES;
				GCC_WARN_64_TO_32_BIT_CONVERSION = YES;
				GCC_WARN_ABOUT_RETURN_TYPE = YES_ERROR;
				GCC_WARN_UNDECLARED_SELECTOR = YES;
				GCC_WARN_UNINITIALIZED_AUTOS = YES_AGGRESSIVE;
				GCC_WARN_UNUSED_FUNCTION = YES;
				GCC_WARN_UNUSED_VARIABLE = YES;
				IPHONEOS_DEPLOYMENT_TARGET = 10.0;
				MTL_ENABLE_DEBUG_INFO = NO;
				OTHER_LDFLAGS = "-ObjC";
				SDKROOT = iphoneos;
				SWIFT_OBJC_BRIDGING_HEADER = "$(SRCROOT)/Drone/Drone-Bridging-Header.h";
				SWIFT_OPTIMIZATION_LEVEL = "-Owholemodule";
				SWIFT_VERSION = 2.3;
				TARGETED_DEVICE_FAMILY = "1,2";
				USER_HEADER_SEARCH_PATHS = "$(SRCROOT)/";
				VALIDATE_PRODUCT = YES;
			};
			name = Release;
		};
		D4587F801D95812600B928F1 /* Debug */ = {
			isa = XCBuildConfiguration;
			buildSettings = {
				ASSETCATALOG_COMPILER_APPICON_NAME = AppIcon;
				CLANG_ENABLE_MODULES = YES;
				ENABLE_BITCODE = NO;
				FRAMEWORK_SEARCH_PATHS = (
					"$(SRCROOT)/../Carthage/Build/iOS",
					"$(PROJECT_DIR)/Drone/Frameworks",
					"$(PROJECT_DIR)/Frameworks/Firebase/Analytics",
					"$(PROJECT_DIR)/Frameworks/Firebase/Auth",
					"$(PROJECT_DIR)/Frameworks/Firebase/Database",
					"$(PROJECT_DIR)/Frameworks",
				);
				INFOPLIST_FILE = Drone/Info.plist;
				LD_RUNPATH_SEARCH_PATHS = "$(inherited) @executable_path/Frameworks";
				PRODUCT_BUNDLE_IDENTIFIER = com.worthlessapps.Drone;
				PRODUCT_NAME = "$(TARGET_NAME)";
				SWIFT_OPTIMIZATION_LEVEL = "-Onone";
				SWIFT_VERSION = 2.3;
			};
			name = Debug;
		};
		D4587F811D95812600B928F1 /* Release */ = {
			isa = XCBuildConfiguration;
			buildSettings = {
				ASSETCATALOG_COMPILER_APPICON_NAME = AppIcon;
				CLANG_ENABLE_MODULES = YES;
				ENABLE_BITCODE = NO;
				FRAMEWORK_SEARCH_PATHS = (
					"$(SRCROOT)/../Carthage/Build/iOS",
					"$(PROJECT_DIR)/Drone/Frameworks",
					"$(PROJECT_DIR)/Frameworks/Firebase/Analytics",
					"$(PROJECT_DIR)/Frameworks/Firebase/Auth",
					"$(PROJECT_DIR)/Frameworks/Firebase/Database",
					"$(PROJECT_DIR)/Frameworks",
				);
				INFOPLIST_FILE = Drone/Info.plist;
				LD_RUNPATH_SEARCH_PATHS = "$(inherited) @executable_path/Frameworks";
				PRODUCT_BUNDLE_IDENTIFIER = com.worthlessapps.Drone;
				PRODUCT_NAME = "$(TARGET_NAME)";
				SWIFT_VERSION = 2.3;
			};
			name = Release;
		};
		D4587F831D95812600B928F1 /* Debug */ = {
			isa = XCBuildConfiguration;
			buildSettings = {
				ALWAYS_EMBED_SWIFT_STANDARD_LIBRARIES = YES;
				BUNDLE_LOADER = "$(TEST_HOST)";
				INFOPLIST_FILE = DroneTests/Info.plist;
				LD_RUNPATH_SEARCH_PATHS = "$(inherited) @executable_path/Frameworks @loader_path/Frameworks";
				PRODUCT_BUNDLE_IDENTIFIER = com.worthlessapps.DroneTests;
				PRODUCT_NAME = "$(TARGET_NAME)";
				SWIFT_VERSION = 3.0;
				TEST_HOST = "$(BUILT_PRODUCTS_DIR)/Drone.app/Drone";
			};
			name = Debug;
		};
		D4587F841D95812600B928F1 /* Release */ = {
			isa = XCBuildConfiguration;
			buildSettings = {
				ALWAYS_EMBED_SWIFT_STANDARD_LIBRARIES = YES;
				BUNDLE_LOADER = "$(TEST_HOST)";
				INFOPLIST_FILE = DroneTests/Info.plist;
				LD_RUNPATH_SEARCH_PATHS = "$(inherited) @executable_path/Frameworks @loader_path/Frameworks";
				PRODUCT_BUNDLE_IDENTIFIER = com.worthlessapps.DroneTests;
				PRODUCT_NAME = "$(TARGET_NAME)";
				SWIFT_VERSION = 3.0;
				TEST_HOST = "$(BUILT_PRODUCTS_DIR)/Drone.app/Drone";
			};
			name = Release;
		};
		D4587F861D95812600B928F1 /* Debug */ = {
			isa = XCBuildConfiguration;
			buildSettings = {
				ALWAYS_EMBED_SWIFT_STANDARD_LIBRARIES = YES;
				INFOPLIST_FILE = DroneUITests/Info.plist;
				LD_RUNPATH_SEARCH_PATHS = "$(inherited) @executable_path/Frameworks @loader_path/Frameworks";
				PRODUCT_BUNDLE_IDENTIFIER = com.worthlessapps.DroneUITests;
				PRODUCT_NAME = "$(TARGET_NAME)";
				SWIFT_VERSION = 3.0;
				TEST_TARGET_NAME = Drone;
			};
			name = Debug;
		};
		D4587F871D95812600B928F1 /* Release */ = {
			isa = XCBuildConfiguration;
			buildSettings = {
				ALWAYS_EMBED_SWIFT_STANDARD_LIBRARIES = YES;
				INFOPLIST_FILE = DroneUITests/Info.plist;
				LD_RUNPATH_SEARCH_PATHS = "$(inherited) @executable_path/Frameworks @loader_path/Frameworks";
				PRODUCT_BUNDLE_IDENTIFIER = com.worthlessapps.DroneUITests;
				PRODUCT_NAME = "$(TARGET_NAME)";
				SWIFT_VERSION = 3.0;
				TEST_TARGET_NAME = Drone;
			};
			name = Release;
		};
/* End XCBuildConfiguration section */

/* Begin XCConfigurationList section */
		D4587F501D95812600B928F1 /* Build configuration list for PBXProject "Drone" */ = {
			isa = XCConfigurationList;
			buildConfigurations = (
				D4587F7D1D95812600B928F1 /* Debug */,
				D4587F7E1D95812600B928F1 /* Release */,
			);
			defaultConfigurationIsVisible = 0;
			defaultConfigurationName = Release;
		};
		D4587F7F1D95812600B928F1 /* Build configuration list for PBXNativeTarget "Drone" */ = {
			isa = XCConfigurationList;
			buildConfigurations = (
				D4587F801D95812600B928F1 /* Debug */,
				D4587F811D95812600B928F1 /* Release */,
			);
			defaultConfigurationIsVisible = 0;
			defaultConfigurationName = Release;
		};
		D4587F821D95812600B928F1 /* Build configuration list for PBXNativeTarget "DroneTests" */ = {
			isa = XCConfigurationList;
			buildConfigurations = (
				D4587F831D95812600B928F1 /* Debug */,
				D4587F841D95812600B928F1 /* Release */,
			);
			defaultConfigurationIsVisible = 0;
			defaultConfigurationName = Release;
		};
		D4587F851D95812600B928F1 /* Build configuration list for PBXNativeTarget "DroneUITests" */ = {
			isa = XCConfigurationList;
			buildConfigurations = (
				D4587F861D95812600B928F1 /* Debug */,
				D4587F871D95812600B928F1 /* Release */,
			);
			defaultConfigurationIsVisible = 0;
			defaultConfigurationName = Release;
		};
/* End XCConfigurationList section */
	};
	rootObject = D4587F4D1D95812600B928F1 /* Project object */;
}
